<Solution>
  <Folder Name="/src/">
    <Project Path="src/EZPos.Web.Api/EZPos.Web.Api.csproj" />
    <Project Path="src/EZPos.Web.App/EZPos.Web.App.csproj" />
    <Project Path="src/EZPos.Web.Domain/EZPos.Web.Domain.csproj" />
    <Project Path="src/EZPos.Web.Infra/EZPos.Web.Infra.csproj" />
  </Folder>
</Solution>
